{
  "version": 4,
  "terraform_version": "0.12.26",
  "serial": 2,
  "lineage": "e08eb08b-cf1d-414b-a310-9c01eeb2cfb5",
  "outputs": {
    "s3_bucket_arn": {
      "value": "arn:aws:s3:::go-webserver-demo-alxs001",
      "type": "string"
    }
  },
  "resources": [
    {
      "mode": "managed",
      "type": "aws_s3_bucket",
      "name": "terraform_state",
      "provider": "provider.aws",
      "instances": [
        {
          "schema_version": 0,
          "attributes": {
            "acceleration_status": "",
            "acl": "private",
            "arn": "arn:aws:s3:::go-webserver-demo-alxs001",
            "bucket": "go-webserver-demo-alxs001",
            "bucket_domain_name": "go-webserver-demo-alxs001.s3.amazonaws.com",
            "bucket_prefix": null,
            "bucket_regional_domain_name": "go-webserver-demo-alxs001.s3.us-east-2.amazonaws.com",
            "cors_rule": [],
            "force_destroy": false,
            "grant": [],
            "hosted_zone_id": "Z2O1EMRO9K5GLX",
            "id": "go-webserver-demo-alxs001",
            "lifecycle_rule": [],
            "logging": [],
            "object_lock_configuration": [],
            "policy": null,
            "region": "us-east-2",
            "replication_configuration": [],
            "request_payer": "BucketOwner",
            "server_side_encryption_configuration": [
              {
                "rule": [
                  {
                    "apply_server_side_encryption_by_default": [
                      {
                        "kms_master_key_id": "",
                        "sse_algorithm": "AES256"
                      }
                    ]
                  }
                ]
              }
            ],
            "tags": null,
            "versioning": [
              {
                "enabled": true,
                "mfa_delete": false
              }
            ],
            "website": [],
            "website_domain": null,
            "website_endpoint": null
          },
          "private": "bnVsbA=="
        }
      ]
    }
  ]
}
